
Microsoft Visual Studio Solution File, Format Version 12.00
# Visual Studio 15
Project("{FAE04EC0-301F-11D3-BF4B-00C04F79EFBC}") = "AstarPathfindingProject", "AstarPathfindingProject.csproj", "{52E46FE8-2973-371F-5F73-AC8B79FED08D}"
EndProject
Project("{FAE04EC0-301F-11D3-BF4B-00C04F79EFBC}") = "Assembly-CSharp", "Assembly-CSharp.csproj", "{72F600A5-F8F2-5312-4659-6A06C1325BC0}"
EndProject
Project("{FAE04EC0-301F-11D3-BF4B-00C04F79EFBC}") = "AstarPathfindingProjectEditor", "AstarPathfindingProjectEditor.csproj", "{F8CA2CE5-FA63-A370-02E5-B81050A32B0C}"
EndProject
Project("{FAE04EC0-301F-11D3-BF4B-00C04F79EFBC}") = "PackageToolsEditor", "PackageToolsEditor.csproj", "{262E9453-D782-E85C-BDFD-7C9D6D25EB2F}"
EndProject
Global
	GlobalSection(SolutionConfigurationPlatforms) = preSolution
		Debug|Any CPU = Debug|Any CPU
		Release|Any CPU = Release|Any CPU
	EndGlobalSection
	GlobalSection(ProjectConfigurationPlatforms) = postSolution
		{52E46FE8-2973-371F-5F73-AC8B79FED08D}.Debug|Any CPU.ActiveCfg = Debug|Any CPU
		{52E46FE8-2973-371F-5F73-AC8B79FED08D}.Debug|Any CPU.Build.0 = Debug|Any CPU
		{52E46FE8-2973-371F-5F73-AC8B79FED08D}.Release|Any CPU.ActiveCfg = Release|Any CPU
		{52E46FE8-2973-371F-5F73-AC8B79FED08D}.Release|Any CPU.Build.0 = Release|Any CPU
		{72F600A5-F8F2-5312-4659-6A06C1325BC0}.Debug|Any CPU.ActiveCfg = Debug|Any CPU
		{72F600A5-F8F2-5312-4659-6A06C1325BC0}.Debug|Any CPU.Build.0 = Debug|Any CPU
		{72F600A5-F8F2-5312-4659-6A06C1325BC0}.Release|Any CPU.ActiveCfg = Release|Any CPU
		{72F600A5-F8F2-5312-4659-6A06C1325BC0}.Release|Any CPU.Build.0 = Release|Any CPU
		{F8CA2CE5-FA63-A370-02E5-B81050A32B0C}.Debug|Any CPU.ActiveCfg = Debug|Any CPU
		{F8CA2CE5-FA63-A370-02E5-B81050A32B0C}.Debug|Any CPU.Build.0 = Debug|Any CPU
		{F8CA2CE5-FA63-A370-02E5-B81050A32B0C}.Release|Any CPU.ActiveCfg = Release|Any CPU
		{F8CA2CE5-FA63-A370-02E5-B81050A32B0C}.Release|Any CPU.Build.0 = Release|Any CPU
		{262E9453-D782-E85C-BDFD-7C9D6D25EB2F}.Debug|Any CPU.ActiveCfg = Debug|Any CPU
		{262E9453-D782-E85C-BDFD-7C9D6D25EB2F}.Debug|Any CPU.Build.0 = Debug|Any CPU
		{262E9453-D782-E85C-BDFD-7C9D6D25EB2F}.Release|Any CPU.ActiveCfg = Release|Any CPU
		{262E9453-D782-E85C-BDFD-7C9D6D25EB2F}.Release|Any CPU.Build.0 = Release|Any CPU
	EndGlobalSection
	GlobalSection(SolutionProperties) = preSolution
		HideSolutionNode = FALSE
	EndGlobalSection
EndGlobal
