
Microsoft Visual Studio Solution File, Format Version 12.00
# Visual Studio 15
Project("{FAE04EC0-301F-11D3-BF4B-00C04F79EFBC}") = "AstarPathfindingProject", "AstarPathfindingProject.csproj", "{D7D5D1ED-C1D9-D82D-F6D9-B0BDA051DC7B}"
EndProject
Project("{FAE04EC0-301F-11D3-BF4B-00C04F79EFBC}") = "Assembly-CSharp", "Assembly-CSharp.csproj", "{8F22DFC3-5BA3-E0F9-FFE6-FA44A3621553}"
EndProject
Project("{FAE04EC0-301F-11D3-BF4B-00C04F79EFBC}") = "AstarPathfindingProjectEditor", "AstarPathfindingProjectEditor.csproj", "{3DD181EB-6F7B-983C-B9D8-C40FF1FF8D0D}"
EndProject
Project("{FAE04EC0-301F-11D3-BF4B-00C04F79EFBC}") = "PackageToolsEditor", "PackageToolsEditor.csproj", "{D1D798B8-6A95-788B-AB2D-C0EFCDEA2421}"
EndProject
Global
	GlobalSection(SolutionConfigurationPlatforms) = preSolution
		Debug|Any CPU = Debug|Any CPU
		Release|Any CPU = Release|Any CPU
	EndGlobalSection
	GlobalSection(ProjectConfigurationPlatforms) = postSolution
		{D7D5D1ED-C1D9-D82D-F6D9-B0BDA051DC7B}.Debug|Any CPU.ActiveCfg = Debug|Any CPU
		{D7D5D1ED-C1D9-D82D-F6D9-B0BDA051DC7B}.Debug|Any CPU.Build.0 = Debug|Any CPU
		{D7D5D1ED-C1D9-D82D-F6D9-B0BDA051DC7B}.Release|Any CPU.ActiveCfg = Release|Any CPU
		{D7D5D1ED-C1D9-D82D-F6D9-B0BDA051DC7B}.Release|Any CPU.Build.0 = Release|Any CPU
		{8F22DFC3-5BA3-E0F9-FFE6-FA44A3621553}.Debug|Any CPU.ActiveCfg = Debug|Any CPU
		{8F22DFC3-5BA3-E0F9-FFE6-FA44A3621553}.Debug|Any CPU.Build.0 = Debug|Any CPU
		{8F22DFC3-5BA3-E0F9-FFE6-FA44A3621553}.Release|Any CPU.ActiveCfg = Release|Any CPU
		{8F22DFC3-5BA3-E0F9-FFE6-FA44A3621553}.Release|Any CPU.Build.0 = Release|Any CPU
		{3DD181EB-6F7B-983C-B9D8-C40FF1FF8D0D}.Debug|Any CPU.ActiveCfg = Debug|Any CPU
		{3DD181EB-6F7B-983C-B9D8-C40FF1FF8D0D}.Debug|Any CPU.Build.0 = Debug|Any CPU
		{3DD181EB-6F7B-983C-B9D8-C40FF1FF8D0D}.Release|Any CPU.ActiveCfg = Release|Any CPU
		{3DD181EB-6F7B-983C-B9D8-C40FF1FF8D0D}.Release|Any CPU.Build.0 = Release|Any CPU
		{D1D798B8-6A95-788B-AB2D-C0EFCDEA2421}.Debug|Any CPU.ActiveCfg = Debug|Any CPU
		{D1D798B8-6A95-788B-AB2D-C0EFCDEA2421}.Debug|Any CPU.Build.0 = Debug|Any CPU
		{D1D798B8-6A95-788B-AB2D-C0EFCDEA2421}.Release|Any CPU.ActiveCfg = Release|Any CPU
		{D1D798B8-6A95-788B-AB2D-C0EFCDEA2421}.Release|Any CPU.Build.0 = Release|Any CPU
	EndGlobalSection
	GlobalSection(SolutionProperties) = preSolution
		HideSolutionNode = FALSE
	EndGlobalSection
EndGlobal
